
Microsoft Visual Studio Solution File, Format Version 12.00
# Visual Studio 2012
Project("{FAE04EC0-301F-11D3-BF4B-00C04F79EFBC}") = "EasyTalkServer", "EasyTalkServer\EasyTalkServer.csproj", "{3E055CF6-3D1E-46CB-ABC4-84CC51AEF511}"
EndProject
Project("{FAE04EC0-301F-11D3-BF4B-00C04F79EFBC}") = "DataLibrary", "DataLibrary\DataLibrary.csproj", "{BCC4E179-1F28-4703-99E6-E34117E120C2}"
EndProject
Global
	GlobalSection(SolutionConfigurationPlatforms) = preSolution
		Debug|Any CPU = Debug|Any CPU
		Release|Any CPU = Release|Any CPU
	EndGlobalSection
	GlobalSection(ProjectConfigurationPlatforms) = postSolution
		{3E055CF6-3D1E-46CB-ABC4-84CC51AEF511}.Debug|Any CPU.ActiveCfg = Debug|Any CPU
		{3E055CF6-3D1E-46CB-ABC4-84CC51AEF511}.Debug|Any CPU.Build.0 = Debug|Any CPU
		{3E055CF6-3D1E-46CB-ABC4-84CC51AEF511}.Release|Any CPU.ActiveCfg = Release|Any CPU
		{3E055CF6-3D1E-46CB-ABC4-84CC51AEF511}.Release|Any CPU.Build.0 = Release|Any CPU
		{BCC4E179-1F28-4703-99E6-E34117E120C2}.Debug|Any CPU.ActiveCfg = Debug|Any CPU
		{BCC4E179-1F28-4703-99E6-E34117E120C2}.Debug|Any CPU.Build.0 = Debug|Any CPU
		{BCC4E179-1F28-4703-99E6-E34117E120C2}.Release|Any CPU.ActiveCfg = Release|Any CPU
		{BCC4E179-1F28-4703-99E6-E34117E120C2}.Release|Any CPU.Build.0 = Release|Any CPU
	EndGlobalSection
	GlobalSection(SolutionProperties) = preSolution
		HideSolutionNode = FALSE
	EndGlobalSection
EndGlobal
